
Microsoft Visual Studio Solution File, Format Version 12.00
# Visual Studio Version 17
VisualStudioVersion = 17.10.35013.160
MinimumVisualStudioVersion = 10.0.40219.1
Project("{FAE04EC0-301F-11D3-BF4B-00C04F79EFBC}") = "Dr.LeeFinalProject", "Dr.LeeFinalProject.csproj", "{8AAAF738-8DE2-4489-B0EA-FC8BB80BBACC}"
EndProject
Global
	GlobalSection(SolutionConfigurationPlatforms) = preSolution
		Debug|Any CPU = Debug|Any CPU
		Release|Any CPU = Release|Any CPU
	EndGlobalSection
	GlobalSection(ProjectConfigurationPlatforms) = postSolution
		{8AAAF738-8DE2-4489-B0EA-FC8BB80BBACC}.Debug|Any CPU.ActiveCfg = Debug|Any CPU
		{8AAAF738-8DE2-4489-B0EA-FC8BB80BBACC}.Debug|Any CPU.Build.0 = Debug|Any CPU
		{8AAAF738-8DE2-4489-B0EA-FC8BB80BBACC}.Release|Any CPU.ActiveCfg = Release|Any CPU
		{8AAAF738-8DE2-4489-B0EA-FC8BB80BBACC}.Release|Any CPU.Build.0 = Release|Any CPU
	EndGlobalSection
	GlobalSection(SolutionProperties) = preSolution
		HideSolutionNode = FALSE
	EndGlobalSection
	GlobalSection(ExtensibilityGlobals) = postSolution
		SolutionGuid = {D153E7FA-2B58-4584-9220-C29A4076BAE9}
	EndGlobalSection
EndGlobal
